{
  "requires": true,
  "lockfileVersion": 1,
  "dependencies": {
    "@mdi/font": {
      "version": "4.9.95",
      "resolved": "https://registry.npmjs.org/@mdi/font/-/font-4.9.95.tgz",
      "integrity": "sha512-m2sbAs+SMwRnWpkMriBxEulwuhmqRyh6X+hdOZlqSxYZUM2C2TaDnQ4gcilzdoAgru2XYnWViZ/xPuSDGgRXVw=="
    },
    "material-design-icons-iconfont": {
      "version": "5.0.1",
      "resolved": "https://registry.npmjs.org/material-design-icons-iconfont/-/material-design-icons-iconfont-5.0.1.tgz",
      "integrity": "sha512-Xg6rIdGrfySTqiTZ6d+nQbcFepS6R4uKbJP0oAqyeZXJY/bX6mZDnOmmUJusqLXfhIwirs0c++a6JpqVa8RFvA=="
    },
    "vuetify": {
      "version": "2.2.12",
      "resolved": "https://registry.npmjs.org/vuetify/-/vuetify-2.2.12.tgz",
      "integrity": "sha512-rtNug+2I45p/ahEeY54nWM/8UyJ1LouS5CpwWjb6JaaMusE3GHD3FBwvb/FMyR+vWZkCxJpLIRfRT0cRpr/QJA=="
    }
  }
}
