# THIS IS AN AUTOGENERATED FILE. DO NOT EDIT THIS FILE DIRECTLY.
# yarn lockfile v1


"@mdi/font@^4.9.95":
  version "4.9.95"
  resolved "https://registry.yarnpkg.com/@mdi/font/-/font-4.9.95.tgz#00ed2ffe289c9230f146e74559c07542d3f4475a"
  integrity sha512-m2sbAs+SMwRnWpkMriBxEulwuhmqRyh6X+hdOZlqSxYZUM2C2TaDnQ4gcilzdoAgru2XYnWViZ/xPuSDGgRXVw==

"@vuepress/plugin-back-to-top@^1.3.0":
  version "1.3.0"
  resolved "https://registry.yarnpkg.com/@vuepress/plugin-back-to-top/-/plugin-back-to-top-1.3.0.tgz#0193858287d6c18b30e31c4730ecaecef7c8d7b5"
  integrity sha512-YuJEYaxPRAJScoqiq4uEcqdVt+vBOpdTDhepxtmN0vDRatvOqwJctwi5xqHcII2ziB7ddhOsibk8fhYwc/42ww==
  dependencies:
    lodash.debounce "^4.0.8"

lodash.debounce@^4.0.8:
  version "4.0.8"
  resolved "https://registry.yarnpkg.com/lodash.debounce/-/lodash.debounce-4.0.8.tgz#82d79bff30a67c4005ffd5e2515300ad9ca4d7af"
  integrity sha1-gteb/zCmfEAF/9XiUVMArZyk168=

material-design-icons-iconfont@^5.0.1:
  version "5.0.1"
  resolved "https://registry.yarnpkg.com/material-design-icons-iconfont/-/material-design-icons-iconfont-5.0.1.tgz#371875ed7fe9c8c520bc7123c3231feeab731c31"
  integrity sha512-Xg6rIdGrfySTqiTZ6d+nQbcFepS6R4uKbJP0oAqyeZXJY/bX6mZDnOmmUJusqLXfhIwirs0c++a6JpqVa8RFvA==

vuetify@^2.2.12:
  version "2.2.12"
  resolved "https://registry.yarnpkg.com/vuetify/-/vuetify-2.2.12.tgz#4bbd5485801b05d1a4e977974ec1b1fa943c16e3"
  integrity sha512-rtNug+2I45p/ahEeY54nWM/8UyJ1LouS5CpwWjb6JaaMusE3GHD3FBwvb/FMyR+vWZkCxJpLIRfRT0cRpr/QJA==
